// !$*UTF8*$!
{
	archiveVersion = 1;
	classes = {
	};
	objectVersion = 46;
	objects = {

/* Begin PBXBuildFile section */
		032F4A1E0C7CB638B88BBC82 /* Pods_DINC_WatchKit_Extension.framework in Frameworks */ = {isa = PBXBuildFile; fileRef = 460A3B60558EE99038D79A43 /* Pods_DINC_WatchKit_Extension.framework */; };
		270A0672CEBED976ED745924 /* Pods_DINCTests.framework in Frameworks */ = {isa = PBXBuildFile; fileRef = E00F8918E621CC6F3955D1B6 /* Pods_DINCTests.framework */; };
		C0184AC01D8F1D6300AF2871 /* Duration.swift in Sources */ = {isa = PBXBuildFile; fileRef = C0184ABF1D8F1D6300AF2871 /* Duration.swift */; };
		C0184AC21D8F1D6C00AF2871 /* Int+Timepiece.swift in Sources */ = {isa = PBXBuildFile; fileRef = C0184AC11D8F1D6C00AF2871 /* Int+Timepiece.swift */; };
		C0184AC71D8F1D7C00AF2871 /* NSCalendar+Timepiece.swift in Sources */ = {isa = PBXBuildFile; fileRef = C0184AC31D8F1D7C00AF2871 /* NSCalendar+Timepiece.swift */; };
		C0184AC81D8F1D7C00AF2871 /* NSCalendarUnit+Timepiece.swift in Sources */ = {isa = PBXBuildFile; fileRef = C0184AC41D8F1D7C00AF2871 /* NSCalendarUnit+Timepiece.swift */; };
		C0184AC91D8F1D7C00AF2871 /* NSDate+Timepiece.swift in Sources */ = {isa = PBXBuildFile; fileRef = C0184AC51D8F1D7C00AF2871 /* NSDate+Timepiece.swift */; };
		C0184ACA1D8F1D7C00AF2871 /* NSDateComponents+Timepiece.swift in Sources */ = {isa = PBXBuildFile; fileRef = C0184AC61D8F1D7C00AF2871 /* NSDateComponents+Timepiece.swift */; };
		C0184ACC1D8F1D8700AF2871 /* NSTimeInterval+Timepiece.swift in Sources */ = {isa = PBXBuildFile; fileRef = C0184ACB1D8F1D8700AF2871 /* NSTimeInterval+Timepiece.swift */; };
		C0184ACE1D8F1D8D00AF2871 /* String+Timepiece.swift in Sources */ = {isa = PBXBuildFile; fileRef = C0184ACD1D8F1D8D00AF2871 /* String+Timepiece.swift */; };
		C02E7DEE1CC1EF9100A65ACC /* WTransaction.swift in Sources */ = {isa = PBXBuildFile; fileRef = C02E7DED1CC1EF9100A65ACC /* WTransaction.swift */; };
		C02E7DF01CC1FF3900A65ACC /* ProjectionController.swift in Sources */ = {isa = PBXBuildFile; fileRef = C02E7DEF1CC1FF3900A65ACC /* ProjectionController.swift */; };
		C02E7DF61CC202B000A65ACC /* DBAlert.swift in Sources */ = {isa = PBXBuildFile; fileRef = C02E7DF51CC202B000A65ACC /* DBAlert.swift */; };
		C02E7DF91CC202D900A65ACC /* Magic.swift in Sources */ = {isa = PBXBuildFile; fileRef = C02E7DF81CC202D900A65ACC /* Magic.swift */; };
		C02E7DFB1CC2037700A65ACC /* StringExtensions.swift in Sources */ = {isa = PBXBuildFile; fileRef = C02E7DFA1CC2037700A65ACC /* StringExtensions.swift */; };
		C02E7DFD1CC20AFA00A65ACC /* UpdatedSavingsController.swift in Sources */ = {isa = PBXBuildFile; fileRef = C02E7DFC1CC20AFA00A65ACC /* UpdatedSavingsController.swift */; };
		C02E7DFF1CC2123E00A65ACC /* SetBudgetController.swift in Sources */ = {isa = PBXBuildFile; fileRef = C02E7DFE1CC2123E00A65ACC /* SetBudgetController.swift */; };
		C02E7E011CC2127000A65ACC /* Constants.swift in Sources */ = {isa = PBXBuildFile; fileRef = C02E7E001CC2127000A65ACC /* Constants.swift */; };
		C02E7E041CC214B200A65ACC /* Utilities.swift in Sources */ = {isa = PBXBuildFile; fileRef = C02E7E031CC214B200A65ACC /* Utilities.swift */; };
		C02E7E061CC217FB00A65ACC /* Theme.swift in Sources */ = {isa = PBXBuildFile; fileRef = C02E7E051CC217FB00A65ACC /* Theme.swift */; };
		C02E7E091CC307FB00A65ACC /* WTransactionManager.swift in Sources */ = {isa = PBXBuildFile; fileRef = C02E7E081CC307FB00A65ACC /* WTransactionManager.swift */; };
		C02E7E0B1CC3132E00A65ACC /* MonthlyBudgetManager.swift in Sources */ = {isa = PBXBuildFile; fileRef = C02E7E0A1CC3132E00A65ACC /* MonthlyBudgetManager.swift */; };
		C02E7E0D1CC3185F00A65ACC /* TransactionRow.swift in Sources */ = {isa = PBXBuildFile; fileRef = C02E7E0C1CC3185F00A65ACC /* TransactionRow.swift */; };
		C02E7E131CC3492200A65ACC /* ComplicationConfigurations.swift in Sources */ = {isa = PBXBuildFile; fileRef = C02E7E121CC3492200A65ACC /* ComplicationConfigurations.swift */; };
		C074E7BA1CC5550400B4D224 /* EfficiencyController.swift in Sources */ = {isa = PBXBuildFile; fileRef = C074E7B91CC5550400B4D224 /* EfficiencyController.swift */; };
		C0772E751CC0B2A50036CB45 /* Enums.swift in Sources */ = {isa = PBXBuildFile; fileRef = C0772E741CC0B2A50036CB45 /* Enums.swift */; };
		C0772E771CC0B2D90036CB45 /* PlaidManager.swift in Sources */ = {isa = PBXBuildFile; fileRef = C0772E761CC0B2D90036CB45 /* PlaidManager.swift */; };
		C0772E7A1CC0B9100036CB45 /* Parameters.swift in Sources */ = {isa = PBXBuildFile; fileRef = C0772E791CC0B9100036CB45 /* Parameters.swift */; };
		C0772E7C1CC0BB730036CB45 /* KeychainWrapper.swift in Sources */ = {isa = PBXBuildFile; fileRef = C0772E7B1CC0BB730036CB45 /* KeychainWrapper.swift */; };
		C0E0C61A1CC362CC0013DDD4 /* ComplicationManager.swift in Sources */ = {isa = PBXBuildFile; fileRef = C0E0C6191CC362CC0013DDD4 /* ComplicationManager.swift */; };
		C0E0C61C1CC48AF30013DDD4 /* NSDateExtensions.swift in Sources */ = {isa = PBXBuildFile; fileRef = C0E0C61B1CC48AF30013DDD4 /* NSDateExtensions.swift */; };
		C0E956CB1CC0A3D300897238 /* StringExtensions.swift in Sources */ = {isa = PBXBuildFile; fileRef = C0E956CA1CC0A3D300897238 /* StringExtensions.swift */; };
		C0E956CD1CC0A46200897238 /* Account.swift in Sources */ = {isa = PBXBuildFile; fileRef = C0E956CC1CC0A46200897238 /* Account.swift */; };
		C0F2C1F31CC04C6A0070AA8D /* AppDelegate.swift in Sources */ = {isa = PBXBuildFile; fileRef = C0F2C1F21CC04C6A0070AA8D /* AppDelegate.swift */; };
		C0F2C1F51CC04C6A0070AA8D /* ViewController.swift in Sources */ = {isa = PBXBuildFile; fileRef = C0F2C1F41CC04C6A0070AA8D /* ViewController.swift */; };
		C0F2C1F81CC04C6A0070AA8D /* Main.storyboard in Resources */ = {isa = PBXBuildFile; fileRef = C0F2C1F61CC04C6A0070AA8D /* Main.storyboard */; };
		C0F2C1FA1CC04C6A0070AA8D /* Assets.xcassets in Resources */ = {isa = PBXBuildFile; fileRef = C0F2C1F91CC04C6A0070AA8D /* Assets.xcassets */; };
		C0F2C1FD1CC04C6A0070AA8D /* LaunchScreen.storyboard in Resources */ = {isa = PBXBuildFile; fileRef = C0F2C1FB1CC04C6A0070AA8D /* LaunchScreen.storyboard */; };
		C0F2C2081CC04C6B0070AA8D /* DINCTests.swift in Sources */ = {isa = PBXBuildFile; fileRef = C0F2C2071CC04C6B0070AA8D /* DINCTests.swift */; };
		C0F2C2131CC04C6B0070AA8D /* DINCUITests.swift in Sources */ = {isa = PBXBuildFile; fileRef = C0F2C2121CC04C6B0070AA8D /* DINCUITests.swift */; };
		C0F2C2181CC04C6B0070AA8D /* DINC WatchKit App.app in Embed Watch Content */ = {isa = PBXBuildFile; fileRef = C0F2C2171CC04C6B0070AA8D /* DINC WatchKit App.app */; };
		C0F2C21E1CC04C6B0070AA8D /* Interface.storyboard in Resources */ = {isa = PBXBuildFile; fileRef = C0F2C21C1CC04C6B0070AA8D /* Interface.storyboard */; };
		C0F2C2201CC04C6B0070AA8D /* Assets.xcassets in Resources */ = {isa = PBXBuildFile; fileRef = C0F2C21F1CC04C6B0070AA8D /* Assets.xcassets */; };
		C0F2C2271CC04C6B0070AA8D /* DINC WatchKit Extension.appex in Embed App Extensions */ = {isa = PBXBuildFile; fileRef = C0F2C2261CC04C6B0070AA8D /* DINC WatchKit Extension.appex */; settings = {ATTRIBUTES = (RemoveHeadersOnCopy, ); }; };
		C0F2C22E1CC04C6B0070AA8D /* PriceController.swift in Sources */ = {isa = PBXBuildFile; fileRef = C0F2C22D1CC04C6B0070AA8D /* PriceController.swift */; };
		C0F2C2301CC04C6B0070AA8D /* ExtensionDelegate.swift in Sources */ = {isa = PBXBuildFile; fileRef = C0F2C22F1CC04C6B0070AA8D /* ExtensionDelegate.swift */; };
		C0F2C2321CC04C6B0070AA8D /* NotificationController.swift in Sources */ = {isa = PBXBuildFile; fileRef = C0F2C2311CC04C6B0070AA8D /* NotificationController.swift */; };
		C0F2C2341CC04C6B0070AA8D /* GlanceController.swift in Sources */ = {isa = PBXBuildFile; fileRef = C0F2C2331CC04C6B0070AA8D /* GlanceController.swift */; };
		C0F2C2361CC04C6B0070AA8D /* ComplicationController.swift in Sources */ = {isa = PBXBuildFile; fileRef = C0F2C2351CC04C6B0070AA8D /* ComplicationController.swift */; };
		C0F2C2381CC04C6B0070AA8D /* Assets.xcassets in Resources */ = {isa = PBXBuildFile; fileRef = C0F2C2371CC04C6B0070AA8D /* Assets.xcassets */; };
		C0F2C2531CC04D450070AA8D /* Constants.swift in Sources */ = {isa = PBXBuildFile; fileRef = C0F2C2521CC04D450070AA8D /* Constants.swift */; };
		C0F2C2571CC04D4E0070AA8D /* Magic.swift in Sources */ = {isa = PBXBuildFile; fileRef = C0F2C2561CC04D4E0070AA8D /* Magic.swift */; };
		C0F2C2591CC04D530070AA8D /* PlaidService.swift in Sources */ = {isa = PBXBuildFile; fileRef = C0F2C2581CC04D530070AA8D /* PlaidService.swift */; };
		C0F2C25B1CC04D580070AA8D /* Transaction.swift in Sources */ = {isa = PBXBuildFile; fileRef = C0F2C25A1CC04D580070AA8D /* Transaction.swift */; };
		C3519F1DC0DD745A1AACA905 /* Pods_DINC.framework in Frameworks */ = {isa = PBXBuildFile; fileRef = 31E852945CDAE47211A6907F /* Pods_DINC.framework */; };
		C42363D93CD6FA22978F46AF /* Pods_DINCUITests.framework in Frameworks */ = {isa = PBXBuildFile; fileRef = 687F3C1E32388AA8AC6AB631 /* Pods_DINCUITests.framework */; };
		F20C7AB9B3F187449C988355 /* Pods_DINC_WatchKit_App.framework in Frameworks */ = {isa = PBXBuildFile; fileRef = 13DF9CDAF609091BB143CE3D /* Pods_DINC_WatchKit_App.framework */; };
/* End PBXBuildFile section */

/* Begin PBXContainerItemProxy section */
		C0F2C2041CC04C6B0070AA8D /* PBXContainerItemProxy */ = {
			isa = PBXContainerItemProxy;
			containerPortal = C0F2C1E71CC04C6A0070AA8D /* Project object */;
			proxyType = 1;
			remoteGlobalIDString = C0F2C1EE1CC04C6A0070AA8D;
			remoteInfo = DINC;
		};
		C0F2C20F1CC04C6B0070AA8D /* PBXContainerItemProxy */ = {
			isa = PBXContainerItemProxy;
			containerPortal = C0F2C1E71CC04C6A0070AA8D /* Project object */;
			proxyType = 1;
			remoteGlobalIDString = C0F2C1EE1CC04C6A0070AA8D;
			remoteInfo = DINC;
		};
		C0F2C2191CC04C6B0070AA8D /* PBXContainerItemProxy */ = {
			isa = PBXContainerItemProxy;
			containerPortal = C0F2C1E71CC04C6A0070AA8D /* Project object */;
			proxyType = 1;
			remoteGlobalIDString = C0F2C2161CC04C6B0070AA8D;
			remoteInfo = "DINC WatchKit App";
		};
		C0F2C2281CC04C6B0070AA8D /* PBXContainerItemProxy */ = {
			isa = PBXContainerItemProxy;
			containerPortal = C0F2C1E71CC04C6A0070AA8D /* Project object */;
			proxyType = 1;
			remoteGlobalIDString = C0F2C2251CC04C6B0070AA8D;
			remoteInfo = "DINC WatchKit Extension";
		};
/* End PBXContainerItemProxy section */

/* Begin PBXCopyFilesBuildPhase section */
		C0F2C23F1CC04C6B0070AA8D /* Embed App Extensions */ = {
			isa = PBXCopyFilesBuildPhase;
			buildActionMask = 2147483647;
			dstPath = "";
			dstSubfolderSpec = 13;
			files = (
				C0F2C2271CC04C6B0070AA8D /* DINC WatchKit Extension.appex in Embed App Extensions */,
			);
			name = "Embed App Extensions";
			runOnlyForDeploymentPostprocessing = 0;
		};
		C0F2C2431CC04C6B0070AA8D /* Embed Watch Content */ = {
			isa = PBXCopyFilesBuildPhase;
			buildActionMask = 2147483647;
			dstPath = "$(CONTENTS_FOLDER_PATH)/Watch";
			dstSubfolderSpec = 16;
			files = (
				C0F2C2181CC04C6B0070AA8D /* DINC WatchKit App.app in Embed Watch Content */,
			);
			name = "Embed Watch Content";
			runOnlyForDeploymentPostprocessing = 0;
		};
/* End PBXCopyFilesBuildPhase section */

/* Begin PBXFileReference section */
		0313704686056E2C002B4F97 /* Pods-DINC.debug.xcconfig */ = {isa = PBXFileReference; includeInIndex = 1; lastKnownFileType = text.xcconfig; name = "Pods-DINC.debug.xcconfig"; path = "Pods/Target Support Files/Pods-DINC/Pods-DINC.debug.xcconfig"; sourceTree = "<group>"; };
		12881C65E35AF82442242B06 /* Pods-DINC WatchKit App.release.xcconfig */ = {isa = PBXFileReference; includeInIndex = 1; lastKnownFileType = text.xcconfig; name = "Pods-DINC WatchKit App.release.xcconfig"; path = "Pods/Target Support Files/Pods-DINC WatchKit App/Pods-DINC WatchKit App.release.xcconfig"; sourceTree = "<group>"; };
		13DF9CDAF609091BB143CE3D /* Pods_DINC_WatchKit_App.framework */ = {isa = PBXFileReference; explicitFileType = wrapper.framework; includeInIndex = 0; path = Pods_DINC_WatchKit_App.framework; sourceTree = BUILT_PRODUCTS_DIR; };
		28F3297B764F10A86C5FF85A /* Pods-DINCTests.release.xcconfig */ = {isa = PBXFileReference; includeInIndex = 1; lastKnownFileType = text.xcconfig; name = "Pods-DINCTests.release.xcconfig"; path = "Pods/Target Support Files/Pods-DINCTests/Pods-DINCTests.release.xcconfig"; sourceTree = "<group>"; };
		31E852945CDAE47211A6907F /* Pods_DINC.framework */ = {isa = PBXFileReference; explicitFileType = wrapper.framework; includeInIndex = 0; path = Pods_DINC.framework; sourceTree = BUILT_PRODUCTS_DIR; };
		3A8DE359A77166E28898371D /* Pods-DINC.release.xcconfig */ = {isa = PBXFileReference; includeInIndex = 1; lastKnownFileType = text.xcconfig; name = "Pods-DINC.release.xcconfig"; path = "Pods/Target Support Files/Pods-DINC/Pods-DINC.release.xcconfig"; sourceTree = "<group>"; };
		460A3B60558EE99038D79A43 /* Pods_DINC_WatchKit_Extension.framework */ = {isa = PBXFileReference; explicitFileType = wrapper.framework; includeInIndex = 0; path = Pods_DINC_WatchKit_Extension.framework; sourceTree = BUILT_PRODUCTS_DIR; };
		687F3C1E32388AA8AC6AB631 /* Pods_DINCUITests.framework */ = {isa = PBXFileReference; explicitFileType = wrapper.framework; includeInIndex = 0; path = Pods_DINCUITests.framework; sourceTree = BUILT_PRODUCTS_DIR; };
		773E8E2E3FDEFCA313C13285 /* Pods-DINC WatchKit App.debug.xcconfig */ = {isa = PBXFileReference; includeInIndex = 1; lastKnownFileType = text.xcconfig; name = "Pods-DINC WatchKit App.debug.xcconfig"; path = "Pods/Target Support Files/Pods-DINC WatchKit App/Pods-DINC WatchKit App.debug.xcconfig"; sourceTree = "<group>"; };
		8A5EACA0DFFD542AEACD2535 /* Pods-DINC WatchKit Extension.release.xcconfig */ = {isa = PBXFileReference; includeInIndex = 1; lastKnownFileType = text.xcconfig; name = "Pods-DINC WatchKit Extension.release.xcconfig"; path = "Pods/Target Support Files/Pods-DINC WatchKit Extension/Pods-DINC WatchKit Extension.release.xcconfig"; sourceTree = "<group>"; };
		9F56A926DD3942AE2E4178D0 /* Pods-DINCUITests.debug.xcconfig */ = {isa = PBXFileReference; includeInIndex = 1; lastKnownFileType = text.xcconfig; name = "Pods-DINCUITests.debug.xcconfig"; path = "Pods/Target Support Files/Pods-DINCUITests/Pods-DINCUITests.debug.xcconfig"; sourceTree = "<group>"; };
		C0184ABF1D8F1D6300AF2871 /* Duration.swift */ = {isa = PBXFileReference; fileEncoding = 4; lastKnownFileType = sourcecode.swift; path = Duration.swift; sourceTree = "<group>"; };
		C0184AC11D8F1D6C00AF2871 /* Int+Timepiece.swift */ = {isa = PBXFileReference; fileEncoding = 4; lastKnownFileType = sourcecode.swift; path = "Int+Timepiece.swift"; sourceTree = "<group>"; };
		C0184AC31D8F1D7C00AF2871 /* NSCalendar+Timepiece.swift */ = {isa = PBXFileReference; fileEncoding = 4; lastKnownFileType = sourcecode.swift; path = "NSCalendar+Timepiece.swift"; sourceTree = "<group>"; };
		C0184AC41D8F1D7C00AF2871 /* NSCalendarUnit+Timepiece.swift */ = {isa = PBXFileReference; fileEncoding = 4; lastKnownFileType = sourcecode.swift; path = "NSCalendarUnit+Timepiece.swift"; sourceTree = "<group>"; };
		C0184AC51D8F1D7C00AF2871 /* NSDate+Timepiece.swift */ = {isa = PBXFileReference; fileEncoding = 4; lastKnownFileType = sourcecode.swift; path = "NSDate+Timepiece.swift"; sourceTree = "<group>"; };
		C0184AC61D8F1D7C00AF2871 /* NSDateComponents+Timepiece.swift */ = {isa = PBXFileReference; fileEncoding = 4; lastKnownFileType = sourcecode.swift; path = "NSDateComponents+Timepiece.swift"; sourceTree = "<group>"; };
		C0184ACB1D8F1D8700AF2871 /* NSTimeInterval+Timepiece.swift */ = {isa = PBXFileReference; fileEncoding = 4; lastKnownFileType = sourcecode.swift; path = "NSTimeInterval+Timepiece.swift"; sourceTree = "<group>"; };
		C0184ACD1D8F1D8D00AF2871 /* String+Timepiece.swift */ = {isa = PBXFileReference; fileEncoding = 4; lastKnownFileType = sourcecode.swift; path = "String+Timepiece.swift"; sourceTree = "<group>"; };
		C02E7DED1CC1EF9100A65ACC /* WTransaction.swift */ = {isa = PBXFileReference; fileEncoding = 4; lastKnownFileType = sourcecode.swift; path = WTransaction.swift; sourceTree = "<group>"; };
		C02E7DEF1CC1FF3900A65ACC /* ProjectionController.swift */ = {isa = PBXFileReference; fileEncoding = 4; lastKnownFileType = sourcecode.swift; path = ProjectionController.swift; sourceTree = "<group>"; };
		C02E7DF51CC202B000A65ACC /* DBAlert.swift */ = {isa = PBXFileReference; fileEncoding = 4; lastKnownFileType = sourcecode.swift; path = DBAlert.swift; sourceTree = "<group>"; };
		C02E7DF81CC202D900A65ACC /* Magic.swift */ = {isa = PBXFileReference; fileEncoding = 4; lastKnownFileType = sourcecode.swift; path = Magic.swift; sourceTree = "<group>"; };
		C02E7DFA1CC2037700A65ACC /* StringExtensions.swift */ = {isa = PBXFileReference; fileEncoding = 4; lastKnownFileType = sourcecode.swift; path = StringExtensions.swift; sourceTree = "<group>"; };
		C02E7DFC1CC20AFA00A65ACC /* UpdatedSavingsController.swift */ = {isa = PBXFileReference; fileEncoding = 4; lastKnownFileType = sourcecode.swift; path = UpdatedSavingsController.swift; sourceTree = "<group>"; };
		C02E7DFE1CC2123E00A65ACC /* SetBudgetController.swift */ = {isa = PBXFileReference; fileEncoding = 4; lastKnownFileType = sourcecode.swift; path = SetBudgetController.swift; sourceTree = "<group>"; };
		C02E7E001CC2127000A65ACC /* Constants.swift */ = {isa = PBXFileReference; fileEncoding = 4; lastKnownFileType = sourcecode.swift; path = Constants.swift; sourceTree = "<group>"; };
		C02E7E031CC214B200A65ACC /* Utilities.swift */ = {isa = PBXFileReference; fileEncoding = 4; lastKnownFileType = sourcecode.swift; path = Utilities.swift; sourceTree = "<group>"; };
		C02E7E051CC217FB00A65ACC /* Theme.swift */ = {isa = PBXFileReference; fileEncoding = 4; lastKnownFileType = sourcecode.swift; path = Theme.swift; sourceTree = "<group>"; };
		C02E7E081CC307FB00A65ACC /* WTransactionManager.swift */ = {isa = PBXFileReference; fileEncoding = 4; lastKnownFileType = sourcecode.swift; path = WTransactionManager.swift; sourceTree = "<group>"; };
		C02E7E0A1CC3132E00A65ACC /* MonthlyBudgetManager.swift */ = {isa = PBXFileReference; fileEncoding = 4; lastKnownFileType = sourcecode.swift; path = MonthlyBudgetManager.swift; sourceTree = "<group>"; };
		C02E7E0C1CC3185F00A65ACC /* TransactionRow.swift */ = {isa = PBXFileReference; fileEncoding = 4; lastKnownFileType = sourcecode.swift; path = TransactionRow.swift; sourceTree = "<group>"; };
		C02E7E121CC3492200A65ACC /* ComplicationConfigurations.swift */ = {isa = PBXFileReference; fileEncoding = 4; lastKnownFileType = sourcecode.swift; path = ComplicationConfigurations.swift; sourceTree = "<group>"; };
		C074E7B91CC5550400B4D224 /* EfficiencyController.swift */ = {isa = PBXFileReference; fileEncoding = 4; lastKnownFileType = sourcecode.swift; path = EfficiencyController.swift; sourceTree = "<group>"; };
		C0772E741CC0B2A50036CB45 /* Enums.swift */ = {isa = PBXFileReference; fileEncoding = 4; lastKnownFileType = sourcecode.swift; path = Enums.swift; sourceTree = "<group>"; };
		C0772E761CC0B2D90036CB45 /* PlaidManager.swift */ = {isa = PBXFileReference; fileEncoding = 4; lastKnownFileType = sourcecode.swift; path = PlaidManager.swift; sourceTree = "<group>"; };
		C0772E791CC0B9100036CB45 /* Parameters.swift */ = {isa = PBXFileReference; fileEncoding = 4; lastKnownFileType = sourcecode.swift; path = Parameters.swift; sourceTree = "<group>"; };
		C0772E7B1CC0BB730036CB45 /* KeychainWrapper.swift */ = {isa = PBXFileReference; fileEncoding = 4; lastKnownFileType = sourcecode.swift; path = KeychainWrapper.swift; sourceTree = "<group>"; };
		C0E0C6191CC362CC0013DDD4 /* ComplicationManager.swift */ = {isa = PBXFileReference; fileEncoding = 4; lastKnownFileType = sourcecode.swift; path = ComplicationManager.swift; sourceTree = "<group>"; };
		C0E0C61B1CC48AF30013DDD4 /* NSDateExtensions.swift */ = {isa = PBXFileReference; fileEncoding = 4; lastKnownFileType = sourcecode.swift; path = NSDateExtensions.swift; sourceTree = "<group>"; };
		C0E956CA1CC0A3D300897238 /* StringExtensions.swift */ = {isa = PBXFileReference; fileEncoding = 4; lastKnownFileType = sourcecode.swift; path = StringExtensions.swift; sourceTree = "<group>"; };
		C0E956CC1CC0A46200897238 /* Account.swift */ = {isa = PBXFileReference; fileEncoding = 4; lastKnownFileType = sourcecode.swift; path = Account.swift; sourceTree = "<group>"; };
		C0F2C1EF1CC04C6A0070AA8D /* DINC.app */ = {isa = PBXFileReference; explicitFileType = wrapper.application; includeInIndex = 0; path = DINC.app; sourceTree = BUILT_PRODUCTS_DIR; };
		C0F2C1F21CC04C6A0070AA8D /* AppDelegate.swift */ = {isa = PBXFileReference; lastKnownFileType = sourcecode.swift; path = AppDelegate.swift; sourceTree = "<group>"; };
		C0F2C1F41CC04C6A0070AA8D /* ViewController.swift */ = {isa = PBXFileReference; lastKnownFileType = sourcecode.swift; path = ViewController.swift; sourceTree = "<group>"; };
		C0F2C1F71CC04C6A0070AA8D /* Base */ = {isa = PBXFileReference; lastKnownFileType = file.storyboard; name = Base; path = Base.lproj/Main.storyboard; sourceTree = "<group>"; };
		C0F2C1F91CC04C6A0070AA8D /* Assets.xcassets */ = {isa = PBXFileReference; lastKnownFileType = folder.assetcatalog; path = Assets.xcassets; sourceTree = "<group>"; };
		C0F2C1FC1CC04C6A0070AA8D /* Base */ = {isa = PBXFileReference; lastKnownFileType = file.storyboard; name = Base; path = Base.lproj/LaunchScreen.storyboard; sourceTree = "<group>"; };
		C0F2C1FE1CC04C6A0070AA8D /* Info.plist */ = {isa = PBXFileReference; lastKnownFileType = text.plist.xml; path = Info.plist; sourceTree = "<group>"; };
		C0F2C2031CC04C6B0070AA8D /* DINCTests.xctest */ = {isa = PBXFileReference; explicitFileType = wrapper.cfbundle; includeInIndex = 0; path = DINCTests.xctest; sourceTree = BUILT_PRODUCTS_DIR; };
		C0F2C2071CC04C6B0070AA8D /* DINCTests.swift */ = {isa = PBXFileReference; lastKnownFileType = sourcecode.swift; path = DINCTests.swift; sourceTree = "<group>"; };
		C0F2C2091CC04C6B0070AA8D /* Info.plist */ = {isa = PBXFileReference; lastKnownFileType = text.plist.xml; path = Info.plist; sourceTree = "<group>"; };
		C0F2C20E1CC04C6B0070AA8D /* DINCUITests.xctest */ = {isa = PBXFileReference; explicitFileType = wrapper.cfbundle; includeInIndex = 0; path = DINCUITests.xctest; sourceTree = BUILT_PRODUCTS_DIR; };
		C0F2C2121CC04C6B0070AA8D /* DINCUITests.swift */ = {isa = PBXFileReference; lastKnownFileType = sourcecode.swift; path = DINCUITests.swift; sourceTree = "<group>"; };
		C0F2C2141CC04C6B0070AA8D /* Info.plist */ = {isa = PBXFileReference; lastKnownFileType = text.plist.xml; path = Info.plist; sourceTree = "<group>"; };
		C0F2C2171CC04C6B0070AA8D /* DINC WatchKit App.app */ = {isa = PBXFileReference; explicitFileType = wrapper.application; includeInIndex = 0; path = "DINC WatchKit App.app"; sourceTree = BUILT_PRODUCTS_DIR; };
		C0F2C21D1CC04C6B0070AA8D /* Base */ = {isa = PBXFileReference; lastKnownFileType = file.storyboard; name = Base; path = Base.lproj/Interface.storyboard; sourceTree = "<group>"; };
		C0F2C21F1CC04C6B0070AA8D /* Assets.xcassets */ = {isa = PBXFileReference; lastKnownFileType = folder.assetcatalog; path = Assets.xcassets; sourceTree = "<group>"; };
		C0F2C2211CC04C6B0070AA8D /* Info.plist */ = {isa = PBXFileReference; lastKnownFileType = text.plist.xml; path = Info.plist; sourceTree = "<group>"; };
		C0F2C2261CC04C6B0070AA8D /* DINC WatchKit Extension.appex */ = {isa = PBXFileReference; explicitFileType = "wrapper.app-extension"; includeInIndex = 0; path = "DINC WatchKit Extension.appex"; sourceTree = BUILT_PRODUCTS_DIR; };
		C0F2C22C1CC04C6B0070AA8D /* PushNotificationPayload.apns */ = {isa = PBXFileReference; lastKnownFileType = text; path = PushNotificationPayload.apns; sourceTree = "<group>"; };
		C0F2C22D1CC04C6B0070AA8D /* PriceController.swift */ = {isa = PBXFileReference; lastKnownFileType = sourcecode.swift; path = PriceController.swift; sourceTree = "<group>"; };
		C0F2C22F1CC04C6B0070AA8D /* ExtensionDelegate.swift */ = {isa = PBXFileReference; lastKnownFileType = sourcecode.swift; path = ExtensionDelegate.swift; sourceTree = "<group>"; };
		C0F2C2311CC04C6B0070AA8D /* NotificationController.swift */ = {isa = PBXFileReference; lastKnownFileType = sourcecode.swift; path = NotificationController.swift; sourceTree = "<group>"; };
		C0F2C2331CC04C6B0070AA8D /* GlanceController.swift */ = {isa = PBXFileReference; lastKnownFileType = sourcecode.swift; path = GlanceController.swift; sourceTree = "<group>"; };
		C0F2C2351CC04C6B0070AA8D /* ComplicationController.swift */ = {isa = PBXFileReference; lastKnownFileType = sourcecode.swift; path = ComplicationController.swift; sourceTree = "<group>"; };
		C0F2C2371CC04C6B0070AA8D /* Assets.xcassets */ = {isa = PBXFileReference; lastKnownFileType = folder.assetcatalog; path = Assets.xcassets; sourceTree = "<group>"; };
		C0F2C2391CC04C6B0070AA8D /* Info.plist */ = {isa = PBXFileReference; lastKnownFileType = text.plist.xml; path = Info.plist; sourceTree = "<group>"; };
		C0F2C2521CC04D450070AA8D /* Constants.swift */ = {isa = PBXFileReference; fileEncoding = 4; lastKnownFileType = sourcecode.swift; path = Constants.swift; sourceTree = "<group>"; };
		C0F2C2561CC04D4E0070AA8D /* Magic.swift */ = {isa = PBXFileReference; fileEncoding = 4; lastKnownFileType = sourcecode.swift; path = Magic.swift; sourceTree = "<group>"; };
		C0F2C2581CC04D530070AA8D /* PlaidService.swift */ = {isa = PBXFileReference; fileEncoding = 4; lastKnownFileType = sourcecode.swift; path = PlaidService.swift; sourceTree = "<group>"; };
		C0F2C25A1CC04D580070AA8D /* Transaction.swift */ = {isa = PBXFileReference; fileEncoding = 4; lastKnownFileType = sourcecode.swift; path = Transaction.swift; sourceTree = "<group>"; };
		D19F1A7C4781CD32CC7A8AE4 /* Pods-DINCUITests.release.xcconfig */ = {isa = PBXFileReference; includeInIndex = 1; lastKnownFileType = text.xcconfig; name = "Pods-DINCUITests.release.xcconfig"; path = "Pods/Target Support Files/Pods-DINCUITests/Pods-DINCUITests.release.xcconfig"; sourceTree = "<group>"; };
		E00F8918E621CC6F3955D1B6 /* Pods_DINCTests.framework */ = {isa = PBXFileReference; explicitFileType = wrapper.framework; includeInIndex = 0; path = Pods_DINCTests.framework; sourceTree = BUILT_PRODUCTS_DIR; };
		E49A249DD30C2E101DA21AA7 /* Pods-DINC WatchKit Extension.debug.xcconfig */ = {isa = PBXFileReference; includeInIndex = 1; lastKnownFileType = text.xcconfig; name = "Pods-DINC WatchKit Extension.debug.xcconfig"; path = "Pods/Target Support Files/Pods-DINC WatchKit Extension/Pods-DINC WatchKit Extension.debug.xcconfig"; sourceTree = "<group>"; };
		EE667E6C23AEE2D680DE1BA2 /* Pods-DINCTests.debug.xcconfig */ = {isa = PBXFileReference; includeInIndex = 1; lastKnownFileType = text.xcconfig; name = "Pods-DINCTests.debug.xcconfig"; path = "Pods/Target Support Files/Pods-DINCTests/Pods-DINCTests.debug.xcconfig"; sourceTree = "<group>"; };
/* End PBXFileReference section */

/* Begin PBXFrameworksBuildPhase section */
		27FAF7323BFA9DC6AC67DEA5 /* Frameworks */ = {
			isa = PBXFrameworksBuildPhase;
			buildActionMask = 2147483647;
			files = (
				F20C7AB9B3F187449C988355 /* Pods_DINC_WatchKit_App.framework in Frameworks */,
			);
			runOnlyForDeploymentPostprocessing = 0;
		};
		C0F2C1EC1CC04C6A0070AA8D /* Frameworks */ = {
			isa = PBXFrameworksBuildPhase;
			buildActionMask = 2147483647;
			files = (
				C3519F1DC0DD745A1AACA905 /* Pods_DINC.framework in Frameworks */,
			);
			runOnlyForDeploymentPostprocessing = 0;
		};
		C0F2C2001CC04C6B0070AA8D /* Frameworks */ = {
			isa = PBXFrameworksBuildPhase;
			buildActionMask = 2147483647;
			files = (
				270A0672CEBED976ED745924 /* Pods_DINCTests.framework in Frameworks */,
			);
			runOnlyForDeploymentPostprocessing = 0;
		};
		C0F2C20B1CC04C6B0070AA8D /* Frameworks */ = {
			isa = PBXFrameworksBuildPhase;
			buildActionMask = 2147483647;
			files = (
				C42363D93CD6FA22978F46AF /* Pods_DINCUITests.framework in Frameworks */,
			);
			runOnlyForDeploymentPostprocessing = 0;
		};
		C0F2C2231CC04C6B0070AA8D /* Frameworks */ = {
			isa = PBXFrameworksBuildPhase;
			buildActionMask = 2147483647;
			files = (
				032F4A1E0C7CB638B88BBC82 /* Pods_DINC_WatchKit_Extension.framework in Frameworks */,
			);
			runOnlyForDeploymentPostprocessing = 0;
		};
/* End PBXFrameworksBuildPhase section */

/* Begin PBXGroup section */
		4CB9EC2E1BFF83F589C2F49C /* Pods */ = {
			isa = PBXGroup;
			children = (
				0313704686056E2C002B4F97 /* Pods-DINC.debug.xcconfig */,
				3A8DE359A77166E28898371D /* Pods-DINC.release.xcconfig */,
				773E8E2E3FDEFCA313C13285 /* Pods-DINC WatchKit App.debug.xcconfig */,
				12881C65E35AF82442242B06 /* Pods-DINC WatchKit App.release.xcconfig */,
				E49A249DD30C2E101DA21AA7 /* Pods-DINC WatchKit Extension.debug.xcconfig */,
				8A5EACA0DFFD542AEACD2535 /* Pods-DINC WatchKit Extension.release.xcconfig */,
				EE667E6C23AEE2D680DE1BA2 /* Pods-DINCTests.debug.xcconfig */,
				28F3297B764F10A86C5FF85A /* Pods-DINCTests.release.xcconfig */,
				9F56A926DD3942AE2E4178D0 /* Pods-DINCUITests.debug.xcconfig */,
				D19F1A7C4781CD32CC7A8AE4 /* Pods-DINCUITests.release.xcconfig */,
			);
			name = Pods;
			sourceTree = "<group>";
		};
		941272159858114AB263DE2C /* Frameworks */ = {
			isa = PBXGroup;
			children = (
				31E852945CDAE47211A6907F /* Pods_DINC.framework */,
				13DF9CDAF609091BB143CE3D /* Pods_DINC_WatchKit_App.framework */,
				460A3B60558EE99038D79A43 /* Pods_DINC_WatchKit_Extension.framework */,
				E00F8918E621CC6F3955D1B6 /* Pods_DINCTests.framework */,
				687F3C1E32388AA8AC6AB631 /* Pods_DINCUITests.framework */,
			);
			name = Frameworks;
			sourceTree = "<group>";
		};
		C02E697F1D8F5ED3001EAC02 /* Timepiece */ = {
			isa = PBXGroup;
			children = (
				C0184ABF1D8F1D6300AF2871 /* Duration.swift */,
				C0184AC11D8F1D6C00AF2871 /* Int+Timepiece.swift */,
				C0184AC31D8F1D7C00AF2871 /* NSCalendar+Timepiece.swift */,
				C0184AC41D8F1D7C00AF2871 /* NSCalendarUnit+Timepiece.swift */,
				C0184AC51D8F1D7C00AF2871 /* NSDate+Timepiece.swift */,
				C0184AC61D8F1D7C00AF2871 /* NSDateComponents+Timepiece.swift */,
				C0184ACB1D8F1D8700AF2871 /* NSTimeInterval+Timepiece.swift */,
				C0184ACD1D8F1D8D00AF2871 /* String+Timepiece.swift */,
			);
			name = Timepiece;
			sourceTree = "<group>";
		};
		C02E7DEB1CC1EF3E00A65ACC /* Models */ = {
			isa = PBXGroup;
			children = (
				C02E7DED1CC1EF9100A65ACC /* WTransaction.swift */,
				C02E7E081CC307FB00A65ACC /* WTransactionManager.swift */,
				C02E7E0A1CC3132E00A65ACC /* MonthlyBudgetManager.swift */,
				C0E0C6191CC362CC0013DDD4 /* ComplicationManager.swift */,
			);
			name = Models;
			sourceTree = "<group>";
		};
		C02E7DF41CC2013A00A65ACC /* External Controllers */ = {
			isa = PBXGroup;
			children = (
				C0F2C2331CC04C6B0070AA8D /* GlanceController.swift */,
				C0F2C2311CC04C6B0070AA8D /* NotificationController.swift */,
				C0F2C2351CC04C6B0070AA8D /* ComplicationController.swift */,
			);
			name = "External Controllers";
			sourceTree = "<group>";
		};
		C02E7DF71CC202B700A65ACC /* Helper Files */ = {
			isa = PBXGroup;
			children = (
				C02E7DF81CC202D900A65ACC /* Magic.swift */,
				C02E7DF51CC202B000A65ACC /* DBAlert.swift */,
				C02E7E001CC2127000A65ACC /* Constants.swift */,
				C02E7E031CC214B200A65ACC /* Utilities.swift */,
				C02E7E051CC217FB00A65ACC /* Theme.swift */,
				C02E7E121CC3492200A65ACC /* ComplicationConfigurations.swift */,
			);
			name = "Helper Files";
			sourceTree = "<group>";
		};
		C02E7E0E1CC3187600A65ACC /* Custom Rows */ = {
			isa = PBXGroup;
			children = (
				C02E7E0C1CC3185F00A65ACC /* TransactionRow.swift */,
			);
			name = "Custom Rows";
			sourceTree = "<group>";
		};
		C074E7BB1CC5B68300B4D224 /* Extensions */ = {
			isa = PBXGroup;
			children = (
				C02E7DFA1CC2037700A65ACC /* StringExtensions.swift */,
				C0E0C61B1CC48AF30013DDD4 /* NSDateExtensions.swift */,
			);
			name = Extensions;
			sourceTree = "<group>";
		};
		C0BB25FF1CC1B518005D740C /* Internal Controllers */ = {
			isa = PBXGroup;
			children = (
				C0F2C22D1CC04C6B0070AA8D /* PriceController.swift */,
				C074E7B91CC5550400B4D224 /* EfficiencyController.swift */,
				C02E7DEF1CC1FF3900A65ACC /* ProjectionController.swift */,
				C02E7DFC1CC20AFA00A65ACC /* UpdatedSavingsController.swift */,
				C02E7DFE1CC2123E00A65ACC /* SetBudgetController.swift */,
			);
			name = "Internal Controllers";
			sourceTree = "<group>";
		};
		C0E956C91CC0A3AF00897238 /* Extensions */ = {
			isa = PBXGroup;
			children = (
				C0E956CA1CC0A3D300897238 /* StringExtensions.swift */,
			);
			name = Extensions;
			sourceTree = "<group>";
		};
		C0F2C1E61CC04C6A0070AA8D = {
			isa = PBXGroup;
			children = (
				C0F2C1F11CC04C6A0070AA8D /* DINC */,
				C0F2C2061CC04C6B0070AA8D /* DINCTests */,
				C0F2C2111CC04C6B0070AA8D /* DINCUITests */,
				C0F2C21B1CC04C6B0070AA8D /* DINC WatchKit App */,
				C0F2C22A1CC04C6B0070AA8D /* DINC WatchKit Extension */,
				C0F2C1F01CC04C6A0070AA8D /* Products */,
				4CB9EC2E1BFF83F589C2F49C /* Pods */,
				941272159858114AB263DE2C /* Frameworks */,
			);
			sourceTree = "<group>";
		};
		C0F2C1F01CC04C6A0070AA8D /* Products */ = {
			isa = PBXGroup;
			children = (
				C0F2C1EF1CC04C6A0070AA8D /* DINC.app */,
				C0F2C2031CC04C6B0070AA8D /* DINCTests.xctest */,
				C0F2C20E1CC04C6B0070AA8D /* DINCUITests.xctest */,
				C0F2C2171CC04C6B0070AA8D /* DINC WatchKit App.app */,
				C0F2C2261CC04C6B0070AA8D /* DINC WatchKit Extension.appex */,
			);
			name = Products;
			sourceTree = "<group>";
		};
		C0F2C1F11CC04C6A0070AA8D /* DINC */ = {
			isa = PBXGroup;
			children = (
				C0F2C1F21CC04C6A0070AA8D /* AppDelegate.swift */,
				C0E956C91CC0A3AF00897238 /* Extensions */,
				C0F2C24D1CC04C940070AA8D /* Helper Files */,
				C0F2C24E1CC04C9A0070AA8D /* Sevices */,
				C0F2C24F1CC04CA10070AA8D /* Models */,
				C0F2C2501CC04CA70070AA8D /* Views */,
				C0F2C2511CC04CAE0070AA8D /* Controllers */,
				C0F2C1F91CC04C6A0070AA8D /* Assets.xcassets */,
				C0F2C1FE1CC04C6A0070AA8D /* Info.plist */,
			);
			path = DINC;
			sourceTree = "<group>";
		};
		C0F2C2061CC04C6B0070AA8D /* DINCTests */ = {
			isa = PBXGroup;
			children = (
				C0F2C2071CC04C6B0070AA8D /* DINCTests.swift */,
				C0F2C2091CC04C6B0070AA8D /* Info.plist */,
			);
			path = DINCTests;
			sourceTree = "<group>";
		};
		C0F2C2111CC04C6B0070AA8D /* DINCUITests */ = {
			isa = PBXGroup;
			children = (
				C0F2C2121CC04C6B0070AA8D /* DINCUITests.swift */,
				C0F2C2141CC04C6B0070AA8D /* Info.plist */,
			);
			path = DINCUITests;
			sourceTree = "<group>";
		};
		C0F2C21B1CC04C6B0070AA8D /* DINC WatchKit App */ = {
			isa = PBXGroup;
			children = (
				C0F2C21C1CC04C6B0070AA8D /* Interface.storyboard */,
				C0F2C21F1CC04C6B0070AA8D /* Assets.xcassets */,
				C0F2C2211CC04C6B0070AA8D /* Info.plist */,
			);
			path = "DINC WatchKit App";
			sourceTree = "<group>";
		};
		C0F2C22A1CC04C6B0070AA8D /* DINC WatchKit Extension */ = {
			isa = PBXGroup;
			children = (
				C0F2C22F1CC04C6B0070AA8D /* ExtensionDelegate.swift */,
				C074E7BB1CC5B68300B4D224 /* Extensions */,
				C02E7DF71CC202B700A65ACC /* Helper Files */,
				C02E7DEB1CC1EF3E00A65ACC /* Models */,
				C02E7E0E1CC3187600A65ACC /* Custom Rows */,
				C0BB25FF1CC1B518005D740C /* Internal Controllers */,
				C02E7DF41CC2013A00A65ACC /* External Controllers */,
				C0F2C2371CC04C6B0070AA8D /* Assets.xcassets */,
				C0F2C2391CC04C6B0070AA8D /* Info.plist */,
				C02E697F1D8F5ED3001EAC02 /* Timepiece */,
				C0F2C22B1CC04C6B0070AA8D /* Supporting Files */,
			);
			path = "DINC WatchKit Extension";
			sourceTree = "<group>";
		};
		C0F2C22B1CC04C6B0070AA8D /* Supporting Files */ = {
			isa = PBXGroup;
			children = (
				C0F2C22C1CC04C6B0070AA8D /* PushNotificationPayload.apns */,
			);
			name = "Supporting Files";
			sourceTree = "<group>";
		};
		C0F2C24D1CC04C940070AA8D /* Helper Files */ = {
			isa = PBXGroup;
			children = (
				C0F2C2561CC04D4E0070AA8D /* Magic.swift */,
				C0772E741CC0B2A50036CB45 /* Enums.swift */,
				C0F2C2521CC04D450070AA8D /* Constants.swift */,
				C0772E7B1CC0BB730036CB45 /* KeychainWrapper.swift */,
			);
			name = "Helper Files";
			sourceTree = "<group>";
		};
		C0F2C24E1CC04C9A0070AA8D /* Sevices */ = {
			isa = PBXGroup;
			children = (
				C0F2C2581CC04D530070AA8D /* PlaidService.swift */,
				C0772E761CC0B2D90036CB45 /* PlaidManager.swift */,
			);
			name = Sevices;
			sourceTree = "<group>";
		};
		C0F2C24F1CC04CA10070AA8D /* Models */ = {
			isa = PBXGroup;
			children = (
				C0E956CC1CC0A46200897238 /* Account.swift */,
				C0772E791CC0B9100036CB45 /* Parameters.swift */,
				C0F2C25A1CC04D580070AA8D /* Transaction.swift */,
			);
			name = Models;
			sourceTree = "<group>";
		};
		C0F2C2501CC04CA70070AA8D /* Views */ = {
			isa = PBXGroup;
			children = (
				C0F2C1F61CC04C6A0070AA8D /* Main.storyboard */,
				C0F2C1FB1CC04C6A0070AA8D /* LaunchScreen.storyboard */,
			);
			name = Views;
			sourceTree = "<group>";
		};
		C0F2C2511CC04CAE0070AA8D /* Controllers */ = {
			isa = PBXGroup;
			children = (
				C0F2C1F41CC04C6A0070AA8D /* ViewController.swift */,
			);
			name = Controllers;
			sourceTree = "<group>";
		};
/* End PBXGroup section */

/* Begin PBXNativeTarget section */
		C0F2C1EE1CC04C6A0070AA8D /* DINC */ = {
			isa = PBXNativeTarget;
			buildConfigurationList = C0F2C2441CC04C6B0070AA8D /* Build configuration list for PBXNativeTarget "DINC" */;
			buildPhases = (
				08B7FD8CFDC4CE8B066C11F5 /* [CP] Check Pods Manifest.lock */,
				C0F2C1EB1CC04C6A0070AA8D /* Sources */,
				C0F2C1EC1CC04C6A0070AA8D /* Frameworks */,
				C0F2C1ED1CC04C6A0070AA8D /* Resources */,
				C0F2C2431CC04C6B0070AA8D /* Embed Watch Content */,
				C0F2C25C1CC04D8A0070AA8D /* ShellScript */,
				EDCDE57CE655D4F75365102C /* [CP] Embed Pods Frameworks */,
				A9482161F568AEEEAAE91B13 /* [CP] Copy Pods Resources */,
			);
			buildRules = (
			);
			dependencies = (
				C0F2C21A1CC04C6B0070AA8D /* PBXTargetDependency */,
			);
			name = DINC;
			productName = DINC;
			productReference = C0F2C1EF1CC04C6A0070AA8D /* DINC.app */;
			productType = "com.apple.product-type.application";
		};
		C0F2C2021CC04C6B0070AA8D /* DINCTests */ = {
			isa = PBXNativeTarget;
			buildConfigurationList = C0F2C2471CC04C6B0070AA8D /* Build configuration list for PBXNativeTarget "DINCTests" */;
			buildPhases = (
				3125D0C9544B5C62349FC400 /* [CP] Check Pods Manifest.lock */,
				C0F2C1FF1CC04C6B0070AA8D /* Sources */,
				C0F2C2001CC04C6B0070AA8D /* Frameworks */,
				C0F2C2011CC04C6B0070AA8D /* Resources */,
				B54B24EF5D6BD9E3B19F4CC6 /* [CP] Embed Pods Frameworks */,
				312C2C0367D68356FE4B98A0 /* [CP] Copy Pods Resources */,
			);
			buildRules = (
			);
			dependencies = (
				C0F2C2051CC04C6B0070AA8D /* PBXTargetDependency */,
			);
			name = DINCTests;
			productName = DINCTests;
			productReference = C0F2C2031CC04C6B0070AA8D /* DINCTests.xctest */;
			productType = "com.apple.product-type.bundle.unit-test";
		};
		C0F2C20D1CC04C6B0070AA8D /* DINCUITests */ = {
			isa = PBXNativeTarget;
			buildConfigurationList = C0F2C24A1CC04C6B0070AA8D /* Build configuration list for PBXNativeTarget "DINCUITests" */;
			buildPhases = (
				D518B555558772BD167612A9 /* [CP] Check Pods Manifest.lock */,
				C0F2C20A1CC04C6B0070AA8D /* Sources */,
				C0F2C20B1CC04C6B0070AA8D /* Frameworks */,
				C0F2C20C1CC04C6B0070AA8D /* Resources */,
				6569050A484D6190F61BED70 /* [CP] Copy Pods Resources */,
				973119B08E428E46039C8614 /* [CP] Embed Pods Frameworks */,
			);
			buildRules = (
			);
			dependencies = (
				C0F2C2101CC04C6B0070AA8D /* PBXTargetDependency */,
			);
			name = DINCUITests;
			productName = DINCUITests;
			productReference = C0F2C20E1CC04C6B0070AA8D /* DINCUITests.xctest */;
			productType = "com.apple.product-type.bundle.ui-testing";
		};
		C0F2C2161CC04C6B0070AA8D /* DINC WatchKit App */ = {
			isa = PBXNativeTarget;
			buildConfigurationList = C0F2C2401CC04C6B0070AA8D /* Build configuration list for PBXNativeTarget "DINC WatchKit App" */;
			buildPhases = (
				77C67C73BAB9529235FB1641 /* [CP] Check Pods Manifest.lock */,
				C0F2C2151CC04C6B0070AA8D /* Resources */,
				C0F2C23F1CC04C6B0070AA8D /* Embed App Extensions */,
				27FAF7323BFA9DC6AC67DEA5 /* Frameworks */,
				00CF4B71F3060F4F08892B7D /* [CP] Copy Pods Resources */,
			);
			buildRules = (
			);
			dependencies = (
				C0F2C2291CC04C6B0070AA8D /* PBXTargetDependency */,
			);
			name = "DINC WatchKit App";
			productName = "DINC WatchKit App";
			productReference = C0F2C2171CC04C6B0070AA8D /* DINC WatchKit App.app */;
			productType = "com.apple.product-type.application.watchapp2";
		};
		C0F2C2251CC04C6B0070AA8D /* DINC WatchKit Extension */ = {
			isa = PBXNativeTarget;
			buildConfigurationList = C0F2C23C1CC04C6B0070AA8D /* Build configuration list for PBXNativeTarget "DINC WatchKit Extension" */;
			buildPhases = (
				29D9AAA4C8B279D5B1D98996 /* [CP] Check Pods Manifest.lock */,
				C0F2C2221CC04C6B0070AA8D /* Sources */,
				C0F2C2231CC04C6B0070AA8D /* Frameworks */,
				C0F2C2241CC04C6B0070AA8D /* Resources */,
				7C156D56C94B2FBAD4D9199E /* [CP] Embed Pods Frameworks */,
				DE6115054B447D127FED0E58 /* [CP] Copy Pods Resources */,
			);
			buildRules = (
			);
			dependencies = (
			);
			name = "DINC WatchKit Extension";
			productName = "DINC WatchKit Extension";
			productReference = C0F2C2261CC04C6B0070AA8D /* DINC WatchKit Extension.appex */;
			productType = "com.apple.product-type.watchkit2-extension";
		};
/* End PBXNativeTarget section */

/* Begin PBXProject section */
		C0F2C1E71CC04C6A0070AA8D /* Project object */ = {
			isa = PBXProject;
			attributes = {
				LastSwiftUpdateCheck = 0730;
				LastUpgradeCheck = 0910;
				ORGANIZATIONNAME = DHour;
				TargetAttributes = {
					C0F2C1EE1CC04C6A0070AA8D = {
						CreatedOnToolsVersion = 7.3;
						DevelopmentTeam = DKHY464262;
						LastSwiftMigration = 0800;
					};
					C0F2C2021CC04C6B0070AA8D = {
						CreatedOnToolsVersion = 7.3;
						LastSwiftMigration = 0800;
						TestTargetID = C0F2C1EE1CC04C6A0070AA8D;
					};
					C0F2C20D1CC04C6B0070AA8D = {
						CreatedOnToolsVersion = 7.3;
						LastSwiftMigration = 0800;
						TestTargetID = C0F2C1EE1CC04C6A0070AA8D;
					};
					C0F2C2161CC04C6B0070AA8D = {
						CreatedOnToolsVersion = 7.3;
						DevelopmentTeam = DKHY464262;
						LastSwiftMigration = 0800;
					};
					C0F2C2251CC04C6B0070AA8D = {
						CreatedOnToolsVersion = 7.3;
						DevelopmentTeam = DKHY464262;
						LastSwiftMigration = 0800;
					};
				};
			};
			buildConfigurationList = C0F2C1EA1CC04C6A0070AA8D /* Build configuration list for PBXProject "DINC" */;
			compatibilityVersion = "Xcode 3.2";
			developmentRegion = English;
			hasScannedForEncodings = 0;
			knownRegions = (
				en,
				Base,
			);
			mainGroup = C0F2C1E61CC04C6A0070AA8D;
			productRefGroup = C0F2C1F01CC04C6A0070AA8D /* Products */;
			projectDirPath = "";
			projectRoot = "";
			targets = (
				C0F2C1EE1CC04C6A0070AA8D /* DINC */,
				C0F2C2021CC04C6B0070AA8D /* DINCTests */,
				C0F2C20D1CC04C6B0070AA8D /* DINCUITests */,
				C0F2C2161CC04C6B0070AA8D /* DINC WatchKit App */,
				C0F2C2251CC04C6B0070AA8D /* DINC WatchKit Extension */,
			);
		};
/* End PBXProject section */

/* Begin PBXResourcesBuildPhase section */
		C0F2C1ED1CC04C6A0070AA8D /* Resources */ = {
			isa = PBXResourcesBuildPhase;
			buildActionMask = 2147483647;
			files = (
				C0F2C1FD1CC04C6A0070AA8D /* LaunchScreen.storyboard in Resources */,
				C0F2C1FA1CC04C6A0070AA8D /* Assets.xcassets in Resources */,
				C0F2C1F81CC04C6A0070AA8D /* Main.storyboard in Resources */,
			);
			runOnlyForDeploymentPostprocessing = 0;
		};
		C0F2C2011CC04C6B0070AA8D /* Resources */ = {
			isa = PBXResourcesBuildPhase;
			buildActionMask = 2147483647;
			files = (
			);
			runOnlyForDeploymentPostprocessing = 0;
		};
		C0F2C20C1CC04C6B0070AA8D /* Resources */ = {
			isa = PBXResourcesBuildPhase;
			buildActionMask = 2147483647;
			files = (
			);
			runOnlyForDeploymentPostprocessing = 0;
		};
		C0F2C2151CC04C6B0070AA8D /* Resources */ = {
			isa = PBXResourcesBuildPhase;
			buildActionMask = 2147483647;
			files = (
				C0F2C2201CC04C6B0070AA8D /* Assets.xcassets in Resources */,
				C0F2C21E1CC04C6B0070AA8D /* Interface.storyboard in Resources */,
			);
			runOnlyForDeploymentPostprocessing = 0;
		};
		C0F2C2241CC04C6B0070AA8D /* Resources */ = {
			isa = PBXResourcesBuildPhase;
			buildActionMask = 2147483647;
			files = (
				C0F2C2381CC04C6B0070AA8D /* Assets.xcassets in Resources */,
			);
			runOnlyForDeploymentPostprocessing = 0;
		};
/* End PBXResourcesBuildPhase section */

/* Begin PBXShellScriptBuildPhase section */
		00CF4B71F3060F4F08892B7D /* [CP] Copy Pods Resources */ = {
			isa = PBXShellScriptBuildPhase;
			buildActionMask = 2147483647;
			files = (
			);
			inputPaths = (
			);
			name = "[CP] Copy Pods Resources";
			outputPaths = (
			);
			runOnlyForDeploymentPostprocessing = 0;
			shellPath = /bin/sh;
			shellScript = "\"${SRCROOT}/Pods/Target Support Files/Pods-DINC WatchKit App/Pods-DINC WatchKit App-resources.sh\"\n";
			showEnvVarsInLog = 0;
		};
		08B7FD8CFDC4CE8B066C11F5 /* [CP] Check Pods Manifest.lock */ = {
			isa = PBXShellScriptBuildPhase;
			buildActionMask = 2147483647;
			files = (
			);
			inputPaths = (
			);
			name = "[CP] Check Pods Manifest.lock";
			outputPaths = (
			);
			runOnlyForDeploymentPostprocessing = 0;
			shellPath = /bin/sh;
			shellScript = "diff \"${PODS_PODFILE_DIR_PATH}/Podfile.lock\" \"${PODS_ROOT}/Manifest.lock\" > /dev/null\nif [ $? != 0 ] ; then\n    # print error to STDERR\n    echo \"error: The sandbox is not in sync with the Podfile.lock. Run 'pod install' or update your CocoaPods installation.\" >&2\n    exit 1\nfi\n";
			showEnvVarsInLog = 0;
		};
		29D9AAA4C8B279D5B1D98996 /* [CP] Check Pods Manifest.lock */ = {
			isa = PBXShellScriptBuildPhase;
			buildActionMask = 2147483647;
			files = (
			);
			inputPaths = (
			);
			name = "[CP] Check Pods Manifest.lock";
			outputPaths = (
			);
			runOnlyForDeploymentPostprocessing = 0;
			shellPath = /bin/sh;
			shellScript = "diff \"${PODS_PODFILE_DIR_PATH}/Podfile.lock\" \"${PODS_ROOT}/Manifest.lock\" > /dev/null\nif [ $? != 0 ] ; then\n    # print error to STDERR\n    echo \"error: The sandbox is not in sync with the Podfile.lock. Run 'pod install' or update your CocoaPods installation.\" >&2\n    exit 1\nfi\n";
			showEnvVarsInLog = 0;
		};
		3125D0C9544B5C62349FC400 /* [CP] Check Pods Manifest.lock */ = {
			isa = PBXShellScriptBuildPhase;
			buildActionMask = 2147483647;
			files = (
			);
			inputPaths = (
			);
			name = "[CP] Check Pods Manifest.lock";
			outputPaths = (
			);
			runOnlyForDeploymentPostprocessing = 0;
			shellPath = /bin/sh;
			shellScript = "diff \"${PODS_PODFILE_DIR_PATH}/Podfile.lock\" \"${PODS_ROOT}/Manifest.lock\" > /dev/null\nif [ $? != 0 ] ; then\n    # print error to STDERR\n    echo \"error: The sandbox is not in sync with the Podfile.lock. Run 'pod install' or update your CocoaPods installation.\" >&2\n    exit 1\nfi\n";
			showEnvVarsInLog = 0;
		};
		312C2C0367D68356FE4B98A0 /* [CP] Copy Pods Resources */ = {
			isa = PBXShellScriptBuildPhase;
			buildActionMask = 2147483647;
			files = (
			);
			inputPaths = (
			);
			name = "[CP] Copy Pods Resources";
			outputPaths = (
			);
			runOnlyForDeploymentPostprocessing = 0;
			shellPath = /bin/sh;
			shellScript = "\"${SRCROOT}/Pods/Target Support Files/Pods-DINCTests/Pods-DINCTests-resources.sh\"\n";
			showEnvVarsInLog = 0;
		};
		6569050A484D6190F61BED70 /* [CP] Copy Pods Resources */ = {
			isa = PBXShellScriptBuildPhase;
			buildActionMask = 2147483647;
			files = (
			);
			inputPaths = (
			);
			name = "[CP] Copy Pods Resources";
			outputPaths = (
			);
			runOnlyForDeploymentPostprocessing = 0;
			shellPath = /bin/sh;
			shellScript = "\"${SRCROOT}/Pods/Target Support Files/Pods-DINCUITests/Pods-DINCUITests-resources.sh\"\n";
			showEnvVarsInLog = 0;
		};
		77C67C73BAB9529235FB1641 /* [CP] Check Pods Manifest.lock */ = {
			isa = PBXShellScriptBuildPhase;
			buildActionMask = 2147483647;
			files = (
			);
			inputPaths = (
			);
			name = "[CP] Check Pods Manifest.lock";
			outputPaths = (
			);
			runOnlyForDeploymentPostprocessing = 0;
			shellPath = /bin/sh;
			shellScript = "diff \"${PODS_PODFILE_DIR_PATH}/Podfile.lock\" \"${PODS_ROOT}/Manifest.lock\" > /dev/null\nif [ $? != 0 ] ; then\n    # print error to STDERR\n    echo \"error: The sandbox is not in sync with the Podfile.lock. Run 'pod install' or update your CocoaPods installation.\" >&2\n    exit 1\nfi\n";
			showEnvVarsInLog = 0;
		};
		7C156D56C94B2FBAD4D9199E /* [CP] Embed Pods Frameworks */ = {
			isa = PBXShellScriptBuildPhase;
			buildActionMask = 2147483647;
			files = (
			);
			inputPaths = (
			);
			name = "[CP] Embed Pods Frameworks";
			outputPaths = (
			);
			runOnlyForDeploymentPostprocessing = 0;
			shellPath = /bin/sh;
			shellScript = "\"${SRCROOT}/Pods/Target Support Files/Pods-DINC WatchKit Extension/Pods-DINC WatchKit Extension-frameworks.sh\"\n";
			showEnvVarsInLog = 0;
		};
		973119B08E428E46039C8614 /* [CP] Embed Pods Frameworks */ = {
			isa = PBXShellScriptBuildPhase;
			buildActionMask = 2147483647;
			files = (
			);
			inputPaths = (
			);
			name = "[CP] Embed Pods Frameworks";
			outputPaths = (
			);
			runOnlyForDeploymentPostprocessing = 0;
			shellPath = /bin/sh;
			shellScript = "\"${SRCROOT}/Pods/Target Support Files/Pods-DINCUITests/Pods-DINCUITests-frameworks.sh\"\n";
			showEnvVarsInLog = 0;
		};
		A9482161F568AEEEAAE91B13 /* [CP] Copy Pods Resources */ = {
			isa = PBXShellScriptBuildPhase;
			buildActionMask = 2147483647;
			files = (
			);
			inputPaths = (
			);
			name = "[CP] Copy Pods Resources";
			outputPaths = (
			);
			runOnlyForDeploymentPostprocessing = 0;
			shellPath = /bin/sh;
			shellScript = "\"${SRCROOT}/Pods/Target Support Files/Pods-DINC/Pods-DINC-resources.sh\"\n";
			showEnvVarsInLog = 0;
		};
		B54B24EF5D6BD9E3B19F4CC6 /* [CP] Embed Pods Frameworks */ = {
			isa = PBXShellScriptBuildPhase;
			buildActionMask = 2147483647;
			files = (
			);
			inputPaths = (
			);
			name = "[CP] Embed Pods Frameworks";
			outputPaths = (
			);
			runOnlyForDeploymentPostprocessing = 0;
			shellPath = /bin/sh;
			shellScript = "\"${SRCROOT}/Pods/Target Support Files/Pods-DINCTests/Pods-DINCTests-frameworks.sh\"\n";
			showEnvVarsInLog = 0;
		};
		C0F2C25C1CC04D8A0070AA8D /* ShellScript */ = {
			isa = PBXShellScriptBuildPhase;
			buildActionMask = 2147483647;
			files = (
			);
			inputPaths = (
			);
			outputPaths = (
			);
			runOnlyForDeploymentPostprocessing = 0;
			shellPath = /bin/sh;
			shellScript = "TAGS=\"TODO:|TESTING:\"\necho \"searching ${SRCROOT} for ${TAGS}\"\nfind \"${SRCROOT}\" \\( -name \"*.swift\" \\) -print0 | xargs -0 egrep --with-filename --line-number --only-matching \"($TAGS).*\\$\" | perl -p -e \"s/($TAGS)/ warning: \\$1/\"";
		};
		D518B555558772BD167612A9 /* [CP] Check Pods Manifest.lock */ = {
			isa = PBXShellScriptBuildPhase;
			buildActionMask = 2147483647;
			files = (
			);
			inputPaths = (
			);
			name = "[CP] Check Pods Manifest.lock";
			outputPaths = (
			);
			runOnlyForDeploymentPostprocessing = 0;
			shellPath = /bin/sh;
			shellScript = "diff \"${PODS_PODFILE_DIR_PATH}/Podfile.lock\" \"${PODS_ROOT}/Manifest.lock\" > /dev/null\nif [ $? != 0 ] ; then\n    # print error to STDERR\n    echo \"error: The sandbox is not in sync with the Podfile.lock. Run 'pod install' or update your CocoaPods installation.\" >&2\n    exit 1\nfi\n";
			showEnvVarsInLog = 0;
		};
		DE6115054B447D127FED0E58 /* [CP] Copy Pods Resources */ = {
			isa = PBXShellScriptBuildPhase;
			buildActionMask = 2147483647;
			files = (
			);
			inputPaths = (
			);
			name = "[CP] Copy Pods Resources";
			outputPaths = (
			);
			runOnlyForDeploymentPostprocessing = 0;
			shellPath = /bin/sh;
			shellScript = "\"${SRCROOT}/Pods/Target Support Files/Pods-DINC WatchKit Extension/Pods-DINC WatchKit Extension-resources.sh\"\n";
			showEnvVarsInLog = 0;
		};
		EDCDE57CE655D4F75365102C /* [CP] Embed Pods Frameworks */ = {
			isa = PBXShellScriptBuildPhase;
			buildActionMask = 2147483647;
			files = (
			);
			inputPaths = (
			);
			name = "[CP] Embed Pods Frameworks";
			outputPaths = (
			);
			runOnlyForDeploymentPostprocessing = 0;
			shellPath = /bin/sh;
			shellScript = "\"${SRCROOT}/Pods/Target Support Files/Pods-DINC/Pods-DINC-frameworks.sh\"\n";
			showEnvVarsInLog = 0;
		};
/* End PBXShellScriptBuildPhase section */

/* Begin PBXSourcesBuildPhase section */
		C0F2C1EB1CC04C6A0070AA8D /* Sources */ = {
			isa = PBXSourcesBuildPhase;
			buildActionMask = 2147483647;
			files = (
				C0E956CB1CC0A3D300897238 /* StringExtensions.swift in Sources */,
				C0F2C25B1CC04D580070AA8D /* Transaction.swift in Sources */,
				C0772E7A1CC0B9100036CB45 /* Parameters.swift in Sources */,
				C0772E7C1CC0BB730036CB45 /* KeychainWrapper.swift in Sources */,
				C0F2C1F51CC04C6A0070AA8D /* ViewController.swift in Sources */,
				C0F2C2591CC04D530070AA8D /* PlaidService.swift in Sources */,
				C0E956CD1CC0A46200897238 /* Account.swift in Sources */,
				C0772E771CC0B2D90036CB45 /* PlaidManager.swift in Sources */,
				C0F2C1F31CC04C6A0070AA8D /* AppDelegate.swift in Sources */,
				C0F2C2571CC04D4E0070AA8D /* Magic.swift in Sources */,
				C0F2C2531CC04D450070AA8D /* Constants.swift in Sources */,
				C0772E751CC0B2A50036CB45 /* Enums.swift in Sources */,
			);
			runOnlyForDeploymentPostprocessing = 0;
		};
		C0F2C1FF1CC04C6B0070AA8D /* Sources */ = {
			isa = PBXSourcesBuildPhase;
			buildActionMask = 2147483647;
			files = (
				C0F2C2081CC04C6B0070AA8D /* DINCTests.swift in Sources */,
			);
			runOnlyForDeploymentPostprocessing = 0;
		};
		C0F2C20A1CC04C6B0070AA8D /* Sources */ = {
			isa = PBXSourcesBuildPhase;
			buildActionMask = 2147483647;
			files = (
				C0F2C2131CC04C6B0070AA8D /* DINCUITests.swift in Sources */,
			);
			runOnlyForDeploymentPostprocessing = 0;
		};
		C0F2C2221CC04C6B0070AA8D /* Sources */ = {
			isa = PBXSourcesBuildPhase;
			buildActionMask = 2147483647;
			files = (
				C0184ACE1D8F1D8D00AF2871 /* String+Timepiece.swift in Sources */,
				C0184ACA1D8F1D7C00AF2871 /* NSDateComponents+Timepiece.swift in Sources */,
				C0E0C61C1CC48AF30013DDD4 /* NSDateExtensions.swift in Sources */,
				C0F2C2321CC04C6B0070AA8D /* NotificationController.swift in Sources */,
				C0F2C2301CC04C6B0070AA8D /* ExtensionDelegate.swift in Sources */,
				C02E7E041CC214B200A65ACC /* Utilities.swift in Sources */,
				C02E7DF91CC202D900A65ACC /* Magic.swift in Sources */,
				C02E7DEE1CC1EF9100A65ACC /* WTransaction.swift in Sources */,
				C0184AC81D8F1D7C00AF2871 /* NSCalendarUnit+Timepiece.swift in Sources */,
				C02E7E0B1CC3132E00A65ACC /* MonthlyBudgetManager.swift in Sources */,
				C0F2C2361CC04C6B0070AA8D /* ComplicationController.swift in Sources */,
				C02E7E0D1CC3185F00A65ACC /* TransactionRow.swift in Sources */,
				C02E7DFB1CC2037700A65ACC /* StringExtensions.swift in Sources */,
				C0184AC01D8F1D6300AF2871 /* Duration.swift in Sources */,
				C02E7DFD1CC20AFA00A65ACC /* UpdatedSavingsController.swift in Sources */,
				C0E0C61A1CC362CC0013DDD4 /* ComplicationManager.swift in Sources */,
				C02E7E061CC217FB00A65ACC /* Theme.swift in Sources */,
				C02E7DFF1CC2123E00A65ACC /* SetBudgetController.swift in Sources */,
				C02E7DF61CC202B000A65ACC /* DBAlert.swift in Sources */,
				C02E7DF01CC1FF3900A65ACC /* ProjectionController.swift in Sources */,
				C0184AC21D8F1D6C00AF2871 /* Int+Timepiece.swift in Sources */,
				C02E7E011CC2127000A65ACC /* Constants.swift in Sources */,
				C0184AC91D8F1D7C00AF2871 /* NSDate+Timepiece.swift in Sources */,
				C0184AC71D8F1D7C00AF2871 /* NSCalendar+Timepiece.swift in Sources */,
				C0184ACC1D8F1D8700AF2871 /* NSTimeInterval+Timepiece.swift in Sources */,
				C02E7E131CC3492200A65ACC /* ComplicationConfigurations.swift in Sources */,
				C074E7BA1CC5550400B4D224 /* EfficiencyController.swift in Sources */,
				C0F2C22E1CC04C6B0070AA8D /* PriceController.swift in Sources */,
				C0F2C2341CC04C6B0070AA8D /* GlanceController.swift in Sources */,
				C02E7E091CC307FB00A65ACC /* WTransactionManager.swift in Sources */,
			);
			runOnlyForDeploymentPostprocessing = 0;
		};
/* End PBXSourcesBuildPhase section */

/* Begin PBXTargetDependency section */
		C0F2C2051CC04C6B0070AA8D /* PBXTargetDependency */ = {
			isa = PBXTargetDependency;
			target = C0F2C1EE1CC04C6A0070AA8D /* DINC */;
			targetProxy = C0F2C2041CC04C6B0070AA8D /* PBXContainerItemProxy */;
		};
		C0F2C2101CC04C6B0070AA8D /* PBXTargetDependency */ = {
			isa = PBXTargetDependency;
			target = C0F2C1EE1CC04C6A0070AA8D /* DINC */;
			targetProxy = C0F2C20F1CC04C6B0070AA8D /* PBXContainerItemProxy */;
		};
		C0F2C21A1CC04C6B0070AA8D /* PBXTargetDependency */ = {
			isa = PBXTargetDependency;
			target = C0F2C2161CC04C6B0070AA8D /* DINC WatchKit App */;
			targetProxy = C0F2C2191CC04C6B0070AA8D /* PBXContainerItemProxy */;
		};
		C0F2C2291CC04C6B0070AA8D /* PBXTargetDependency */ = {
			isa = PBXTargetDependency;
			target = C0F2C2251CC04C6B0070AA8D /* DINC WatchKit Extension */;
			targetProxy = C0F2C2281CC04C6B0070AA8D /* PBXContainerItemProxy */;
		};
/* End PBXTargetDependency section */

/* Begin PBXVariantGroup section */
		C0F2C1F61CC04C6A0070AA8D /* Main.storyboard */ = {
			isa = PBXVariantGroup;
			children = (
				C0F2C1F71CC04C6A0070AA8D /* Base */,
			);
			name = Main.storyboard;
			sourceTree = "<group>";
		};
		C0F2C1FB1CC04C6A0070AA8D /* LaunchScreen.storyboard */ = {
			isa = PBXVariantGroup;
			children = (
				C0F2C1FC1CC04C6A0070AA8D /* Base */,
			);
			name = LaunchScreen.storyboard;
			sourceTree = "<group>";
		};
		C0F2C21C1CC04C6B0070AA8D /* Interface.storyboard */ = {
			isa = PBXVariantGroup;
			children = (
				C0F2C21D1CC04C6B0070AA8D /* Base */,
			);
			name = Interface.storyboard;
			sourceTree = "<group>";
		};
/* End PBXVariantGroup section */

/* Begin XCBuildConfiguration section */
		C0F2C23A1CC04C6B0070AA8D /* Debug */ = {
			isa = XCBuildConfiguration;
			buildSettings = {
				ALWAYS_SEARCH_USER_PATHS = NO;
				CLANG_ANALYZER_NONNULL = YES;
				CLANG_CXX_LANGUAGE_STANDARD = "gnu++0x";
				CLANG_CXX_LIBRARY = "libc++";
				CLANG_ENABLE_MODULES = YES;
				CLANG_ENABLE_OBJC_ARC = YES;
				CLANG_WARN_BLOCK_CAPTURE_AUTORELEASING = YES;
				CLANG_WARN_BOOL_CONVERSION = YES;
				CLANG_WARN_COMMA = YES;
				CLANG_WARN_CONSTANT_CONVERSION = YES;
				CLANG_WARN_DIRECT_OBJC_ISA_USAGE = YES_ERROR;
				CLANG_WARN_EMPTY_BODY = YES;
				CLANG_WARN_ENUM_CONVERSION = YES;
				CLANG_WARN_INFINITE_RECURSION = YES;
				CLANG_WARN_INT_CONVERSION = YES;
				CLANG_WARN_NON_LITERAL_NULL_CONVERSION = YES;
				CLANG_WARN_OBJC_LITERAL_CONVERSION = YES;
				CLANG_WARN_OBJC_ROOT_CLASS = YES_ERROR;
				CLANG_WARN_RANGE_LOOP_ANALYSIS = YES;
				CLANG_WARN_STRICT_PROTOTYPES = YES;
				CLANG_WARN_SUSPICIOUS_MOVE = YES;
				CLANG_WARN_UNREACHABLE_CODE = YES;
				CLANG_WARN__DUPLICATE_METHOD_MATCH = YES;
				"CODE_SIGN_IDENTITY[sdk=iphoneos*]" = "iPhone Developer";
				COPY_PHASE_STRIP = NO;
				DEBUG_INFORMATION_FORMAT = dwarf;
				ENABLE_STRICT_OBJC_MSGSEND = YES;
				ENABLE_TESTABILITY = YES;
				GCC_C_LANGUAGE_STANDARD = gnu99;
				GCC_DYNAMIC_NO_PIC = NO;
				GCC_NO_COMMON_BLOCKS = YES;
				GCC_OPTIMIZATION_LEVEL = 0;
				GCC_PREPROCESSOR_DEFINITIONS = (
					"DEBUG=1",
					"$(inherited)",
				);
				GCC_WARN_64_TO_32_BIT_CONVERSION = YES;
				GCC_WARN_ABOUT_RETURN_TYPE = YES_ERROR;
				GCC_WARN_UNDECLARED_SELECTOR = YES;
				GCC_WARN_UNINITIALIZED_AUTOS = YES_AGGRESSIVE;
				GCC_WARN_UNUSED_FUNCTION = YES;
				GCC_WARN_UNUSED_VARIABLE = YES;
				IPHONEOS_DEPLOYMENT_TARGET = 9.3;
				MTL_ENABLE_DEBUG_INFO = YES;
				ONLY_ACTIVE_ARCH = YES;
				SDKROOT = iphoneos;
				SWIFT_OPTIMIZATION_LEVEL = "-Onone";
				SWIFT_VERSION = 2.3;
			};
			name = Debug;
		};
		C0F2C23B1CC04C6B0070AA8D /* Release */ = {
			isa = XCBuildConfiguration;
			buildSettings = {
				ALWAYS_SEARCH_USER_PATHS = NO;
				CLANG_ANALYZER_NONNULL = YES;
				CLANG_CXX_LANGUAGE_STANDARD = "gnu++0x";
				CLANG_CXX_LIBRARY = "libc++";
				CLANG_ENABLE_MODULES = YES;
				CLANG_ENABLE_OBJC_ARC = YES;
				CLANG_WARN_BLOCK_CAPTURE_AUTORELEASING = YES;
				CLANG_WARN_BOOL_CONVERSION = YES;
				CLANG_WARN_COMMA = YES;
				CLANG_WARN_CONSTANT_CONVERSION = YES;
				CLANG_WARN_DIRECT_OBJC_ISA_USAGE = YES_ERROR;
				CLANG_WARN_EMPTY_BODY = YES;
				CLANG_WARN_ENUM_CONVERSION = YES;
				CLANG_WARN_INFINITE_RECURSION = YES;
				CLANG_WARN_INT_CONVERSION = YES;
				CLANG_WARN_NON_LITERAL_NULL_CONVERSION = YES;
				CLANG_WARN_OBJC_LITERAL_CONVERSION = YES;
				CLANG_WARN_OBJC_ROOT_CLASS = YES_ERROR;
				CLANG_WARN_RANGE_LOOP_ANALYSIS = YES;
				CLANG_WARN_STRICT_PROTOTYPES = YES;
				CLANG_WARN_SUSPICIOUS_MOVE = YES;
				CLANG_WARN_UNREACHABLE_CODE = YES;
				CLANG_WARN__DUPLICATE_METHOD_MATCH = YES;
				"CODE_SIGN_IDENTITY[sdk=iphoneos*]" = "iPhone Developer";
				COPY_PHASE_STRIP = NO;
				DEBUG_INFORMATION_FORMAT = "dwarf-with-dsym";
				ENABLE_NS_ASSERTIONS = NO;
				ENABLE_STRICT_OBJC_MSGSEND = YES;
				GCC_C_LANGUAGE_STANDARD = gnu99;
				GCC_NO_COMMON_BLOCKS = YES;
				GCC_WARN_64_TO_32_BIT_CONVERSION = YES;
				GCC_WARN_ABOUT_RETURN_TYPE = YES_ERROR;
				GCC_WARN_UNDECLARED_SELECTOR = YES;
				GCC_WARN_UNINITIALIZED_AUTOS = YES_AGGRESSIVE;
				GCC_WARN_UNUSED_FUNCTION = YES;
				GCC_WARN_UNUSED_VARIABLE = YES;
				IPHONEOS_DEPLOYMENT_TARGET = 9.3;
				MTL_ENABLE_DEBUG_INFO = NO;
				SDKROOT = iphoneos;
				SWIFT_OPTIMIZATION_LEVEL = "-Owholemodule";
				SWIFT_VERSION = 2.3;
				VALIDATE_PRODUCT = YES;
			};
			name = Release;
		};
		C0F2C23D1CC04C6B0070AA8D /* Debug */ = {
			isa = XCBuildConfiguration;
			baseConfigurationReference = E49A249DD30C2E101DA21AA7 /* Pods-DINC WatchKit Extension.debug.xcconfig */;
			buildSettings = {
				ALWAYS_EMBED_SWIFT_STANDARD_LIBRARIES = YES;
				ASSETCATALOG_COMPILER_COMPLICATION_NAME = Complication;
				CODE_SIGN_IDENTITY = "iPhone Developer";
				"CODE_SIGN_IDENTITY[sdk=watchos*]" = "iPhone Developer";
				INFOPLIST_FILE = "DINC WatchKit Extension/Info.plist";
				LD_RUNPATH_SEARCH_PATHS = "$(inherited) @executable_path/Frameworks @executable_path/../../Frameworks";
				PRODUCT_BUNDLE_IDENTIFIER = com.DHour.DINC.watchkitapp.watchkitextension;
				PRODUCT_NAME = "${TARGET_NAME}";
				PROVISIONING_PROFILE = "";
				SDKROOT = watchos;
				SKIP_INSTALL = YES;
				SWIFT_VERSION = 3.0;
				TARGETED_DEVICE_FAMILY = 4;
				WATCHOS_DEPLOYMENT_TARGET = 3.0;
			};
			name = Debug;
		};
		C0F2C23E1CC04C6B0070AA8D /* Release */ = {
			isa = XCBuildConfiguration;
			baseConfigurationReference = 8A5EACA0DFFD542AEACD2535 /* Pods-DINC WatchKit Extension.release.xcconfig */;
			buildSettings = {
				ALWAYS_EMBED_SWIFT_STANDARD_LIBRARIES = YES;
				ASSETCATALOG_COMPILER_COMPLICATION_NAME = Complication;
				CODE_SIGN_IDENTITY = "iPhone Developer";
				"CODE_SIGN_IDENTITY[sdk=watchos*]" = "iPhone Developer";
				INFOPLIST_FILE = "DINC WatchKit Extension/Info.plist";
				LD_RUNPATH_SEARCH_PATHS = "$(inherited) @executable_path/Frameworks @executable_path/../../Frameworks";
				PRODUCT_BUNDLE_IDENTIFIER = com.DHour.DINC.watchkitapp.watchkitextension;
				PRODUCT_NAME = "${TARGET_NAME}";
				PROVISIONING_PROFILE = "";
				SDKROOT = watchos;
				SKIP_INSTALL = YES;
				SWIFT_OPTIMIZATION_LEVEL = "-Owholemodule";
				SWIFT_VERSION = 3.0;
				TARGETED_DEVICE_FAMILY = 4;
				WATCHOS_DEPLOYMENT_TARGET = 3.0;
			};
			name = Release;
		};
		C0F2C2411CC04C6B0070AA8D /* Debug */ = {
			isa = XCBuildConfiguration;
			baseConfigurationReference = 773E8E2E3FDEFCA313C13285 /* Pods-DINC WatchKit App.debug.xcconfig */;
			buildSettings = {
				ALWAYS_EMBED_SWIFT_STANDARD_LIBRARIES = YES;
				ASSETCATALOG_COMPILER_APPICON_NAME = AppIcon;
				DEVELOPMENT_TEAM = DKHY464262;
				IBSC_MODULE = DINC_WatchKit_Extension;
				INFOPLIST_FILE = "DINC WatchKit App/Info.plist";
				PRODUCT_BUNDLE_IDENTIFIER = com.DHour.DINC.watchkitapp;
				PRODUCT_NAME = "$(TARGET_NAME)";
				SDKROOT = watchos;
				SKIP_INSTALL = YES;
				SWIFT_VERSION = 3.0;
				TARGETED_DEVICE_FAMILY = 4;
				WATCHOS_DEPLOYMENT_TARGET = 3.0;
			};
			name = Debug;
		};
		C0F2C2421CC04C6B0070AA8D /* Release */ = {
			isa = XCBuildConfiguration;
			baseConfigurationReference = 12881C65E35AF82442242B06 /* Pods-DINC WatchKit App.release.xcconfig */;
			buildSettings = {
				ALWAYS_EMBED_SWIFT_STANDARD_LIBRARIES = YES;
				ASSETCATALOG_COMPILER_APPICON_NAME = AppIcon;
				DEVELOPMENT_TEAM = DKHY464262;
				IBSC_MODULE = DINC_WatchKit_Extension;
				INFOPLIST_FILE = "DINC WatchKit App/Info.plist";
				PRODUCT_BUNDLE_IDENTIFIER = com.DHour.DINC.watchkitapp;
				PRODUCT_NAME = "$(TARGET_NAME)";
				SDKROOT = watchos;
				SKIP_INSTALL = YES;
				SWIFT_VERSION = 3.0;
				TARGETED_DEVICE_FAMILY = 4;
				WATCHOS_DEPLOYMENT_TARGET = 3.0;
			};
			name = Release;
		};
		C0F2C2451CC04C6B0070AA8D /* Debug */ = {
			isa = XCBuildConfiguration;
			baseConfigurationReference = 0313704686056E2C002B4F97 /* Pods-DINC.debug.xcconfig */;
			buildSettings = {
				ASSETCATALOG_COMPILER_APPICON_NAME = AppIcon;
				CODE_SIGN_IDENTITY = "iPhone Developer";
				DEVELOPMENT_TEAM = DKHY464262;
				INFOPLIST_FILE = DINC/Info.plist;
				IPHONEOS_DEPLOYMENT_TARGET = 10.0;
				LD_RUNPATH_SEARCH_PATHS = "$(inherited) @executable_path/Frameworks";
				PRODUCT_BUNDLE_IDENTIFIER = com.DHour.DINC;
				PRODUCT_NAME = "$(TARGET_NAME)";
				SWIFT_VERSION = 3.0;
			};
			name = Debug;
		};
		C0F2C2461CC04C6B0070AA8D /* Release */ = {
			isa = XCBuildConfiguration;
			baseConfigurationReference = 3A8DE359A77166E28898371D /* Pods-DINC.release.xcconfig */;
			buildSettings = {
				ASSETCATALOG_COMPILER_APPICON_NAME = AppIcon;
				CODE_SIGN_IDENTITY = "iPhone Developer";
				DEVELOPMENT_TEAM = DKHY464262;
				INFOPLIST_FILE = DINC/Info.plist;
				IPHONEOS_DEPLOYMENT_TARGET = 10.0;
				LD_RUNPATH_SEARCH_PATHS = "$(inherited) @executable_path/Frameworks";
				PRODUCT_BUNDLE_IDENTIFIER = com.DHour.DINC;
				PRODUCT_NAME = "$(TARGET_NAME)";
				SWIFT_OPTIMIZATION_LEVEL = "-Owholemodule";
				SWIFT_VERSION = 3.0;
			};
			name = Release;
		};
		C0F2C2481CC04C6B0070AA8D /* Debug */ = {
			isa = XCBuildConfiguration;
			baseConfigurationReference = EE667E6C23AEE2D680DE1BA2 /* Pods-DINCTests.debug.xcconfig */;
			buildSettings = {
				BUNDLE_LOADER = "$(TEST_HOST)";
				INFOPLIST_FILE = DINCTests/Info.plist;
				LD_RUNPATH_SEARCH_PATHS = "$(inherited) @executable_path/Frameworks @loader_path/Frameworks";
				PRODUCT_BUNDLE_IDENTIFIER = com.DHour.DINCTests;
				PRODUCT_NAME = "$(TARGET_NAME)";
				SWIFT_VERSION = 3.0;
				TEST_HOST = "$(BUILT_PRODUCTS_DIR)/DINC.app/DINC";
			};
			name = Debug;
		};
		C0F2C2491CC04C6B0070AA8D /* Release */ = {
			isa = XCBuildConfiguration;
			baseConfigurationReference = 28F3297B764F10A86C5FF85A /* Pods-DINCTests.release.xcconfig */;
			buildSettings = {
				BUNDLE_LOADER = "$(TEST_HOST)";
				INFOPLIST_FILE = DINCTests/Info.plist;
				LD_RUNPATH_SEARCH_PATHS = "$(inherited) @executable_path/Frameworks @loader_path/Frameworks";
				PRODUCT_BUNDLE_IDENTIFIER = com.DHour.DINCTests;
				PRODUCT_NAME = "$(TARGET_NAME)";
				SWIFT_OPTIMIZATION_LEVEL = "-Owholemodule";
				SWIFT_VERSION = 3.0;
				TEST_HOST = "$(BUILT_PRODUCTS_DIR)/DINC.app/DINC";
			};
			name = Release;
		};
		C0F2C24B1CC04C6B0070AA8D /* Debug */ = {
			isa = XCBuildConfiguration;
			baseConfigurationReference = 9F56A926DD3942AE2E4178D0 /* Pods-DINCUITests.debug.xcconfig */;
			buildSettings = {
				INFOPLIST_FILE = DINCUITests/Info.plist;
				LD_RUNPATH_SEARCH_PATHS = "$(inherited) @executable_path/Frameworks @loader_path/Frameworks";
				PRODUCT_BUNDLE_IDENTIFIER = com.DHour.DINCUITests;
				PRODUCT_NAME = "$(TARGET_NAME)";
				SWIFT_VERSION = 3.0;
				TEST_TARGET_NAME = DINC;
			};
			name = Debug;
		};
		C0F2C24C1CC04C6B0070AA8D /* Release */ = {
			isa = XCBuildConfiguration;
			baseConfigurationReference = D19F1A7C4781CD32CC7A8AE4 /* Pods-DINCUITests.release.xcconfig */;
			buildSettings = {
				INFOPLIST_FILE = DINCUITests/Info.plist;
				LD_RUNPATH_SEARCH_PATHS = "$(inherited) @executable_path/Frameworks @loader_path/Frameworks";
				PRODUCT_BUNDLE_IDENTIFIER = com.DHour.DINCUITests;
				PRODUCT_NAME = "$(TARGET_NAME)";
				SWIFT_OPTIMIZATION_LEVEL = "-Owholemodule";
				SWIFT_VERSION = 3.0;
				TEST_TARGET_NAME = DINC;
			};
			name = Release;
		};
/* End XCBuildConfiguration section */

/* Begin XCConfigurationList section */
		C0F2C1EA1CC04C6A0070AA8D /* Build configuration list for PBXProject "DINC" */ = {
			isa = XCConfigurationList;
			buildConfigurations = (
				C0F2C23A1CC04C6B0070AA8D /* Debug */,
				C0F2C23B1CC04C6B0070AA8D /* Release */,
			);
			defaultConfigurationIsVisible = 0;
			defaultConfigurationName = Release;
		};
		C0F2C23C1CC04C6B0070AA8D /* Build configuration list for PBXNativeTarget "DINC WatchKit Extension" */ = {
			isa = XCConfigurationList;
			buildConfigurations = (
				C0F2C23D1CC04C6B0070AA8D /* Debug */,
				C0F2C23E1CC04C6B0070AA8D /* Release */,
			);
			defaultConfigurationIsVisible = 0;
			defaultConfigurationName = Release;
		};
		C0F2C2401CC04C6B0070AA8D /* Build configuration list for PBXNativeTarget "DINC WatchKit App" */ = {
			isa = XCConfigurationList;
			buildConfigurations = (
				C0F2C2411CC04C6B0070AA8D /* Debug */,
				C0F2C2421CC04C6B0070AA8D /* Release */,
			);
			defaultConfigurationIsVisible = 0;
			defaultConfigurationName = Release;
		};
		C0F2C2441CC04C6B0070AA8D /* Build configuration list for PBXNativeTarget "DINC" */ = {
			isa = XCConfigurationList;
			buildConfigurations = (
				C0F2C2451CC04C6B0070AA8D /* Debug */,
				C0F2C2461CC04C6B0070AA8D /* Release */,
			);
			defaultConfigurationIsVisible = 0;
			defaultConfigurationName = Release;
		};
		C0F2C2471CC04C6B0070AA8D /* Build configuration list for PBXNativeTarget "DINCTests" */ = {
			isa = XCConfigurationList;
			buildConfigurations = (
				C0F2C2481CC04C6B0070AA8D /* Debug */,
				C0F2C2491CC04C6B0070AA8D /* Release */,
			);
			defaultConfigurationIsVisible = 0;
			defaultConfigurationName = Release;
		};
		C0F2C24A1CC04C6B0070AA8D /* Build configuration list for PBXNativeTarget "DINCUITests" */ = {
			isa = XCConfigurationList;
			buildConfigurations = (
				C0F2C24B1CC04C6B0070AA8D /* Debug */,
				C0F2C24C1CC04C6B0070AA8D /* Release */,
			);
			defaultConfigurationIsVisible = 0;
			defaultConfigurationName = Release;
		};
/* End XCConfigurationList section */
	};
	rootObject = C0F2C1E71CC04C6A0070AA8D /* Project object */;
}
